// !$*UTF8*$!
{
	archiveVersion = 1;
	classes = {
	};
	objectVersion = 50;
	objects = {

/* Begin PBXBuildFile section */
		D608C72F24695D91008146A7 /* AppDelegate.swift in Sources */ = {isa = PBXBuildFile; fileRef = D608C72E24695D91008146A7 /* AppDelegate.swift */; };
		D608C73124695D91008146A7 /* SceneDelegate.swift in Sources */ = {isa = PBXBuildFile; fileRef = D608C73024695D91008146A7 /* SceneDelegate.swift */; };
		D608C73324695D91008146A7 /* ContentView.swift in Sources */ = {isa = PBXBuildFile; fileRef = D608C73224695D91008146A7 /* ContentView.swift */; };
		D608C73524695D92008146A7 /* Assets.xcassets in Resources */ = {isa = PBXBuildFile; fileRef = D608C73424695D92008146A7 /* Assets.xcassets */; };
		D608C73824695D92008146A7 /* Preview Assets.xcassets in Resources */ = {isa = PBXBuildFile; fileRef = D608C73724695D92008146A7 /* Preview Assets.xcassets */; };
		D608C73B24695D92008146A7 /* LaunchScreen.storyboard in Resources */ = {isa = PBXBuildFile; fileRef = D608C73924695D92008146A7 /* LaunchScreen.storyboard */; };
		D608C74624695D92008146A7 /* BLECarControllerTests.swift in Sources */ = {isa = PBXBuildFile; fileRef = D608C74524695D92008146A7 /* BLECarControllerTests.swift */; };
		D608C751246985F7008146A7 /* ForwardImage.swift in Sources */ = {isa = PBXBuildFile; fileRef = D608C750246985F7008146A7 /* ForwardImage.swift */; };
		D608C75424698859008146A7 /* BackImage.swift in Sources */ = {isa = PBXBuildFile; fileRef = D608C75324698859008146A7 /* BackImage.swift */; };
		D608C75624698885008146A7 /* LeftImage.swift in Sources */ = {isa = PBXBuildFile; fileRef = D608C75524698885008146A7 /* LeftImage.swift */; };
		D608C7582469889F008146A7 /* RightImage.swift in Sources */ = {isa = PBXBuildFile; fileRef = D608C7572469889F008146A7 /* RightImage.swift */; };
		D608C75A246988BC008146A7 /* StopImage.swift in Sources */ = {isa = PBXBuildFile; fileRef = D608C759246988BC008146A7 /* StopImage.swift */; };
		D608C75C24699649008146A7 /* ControlButtons.swift in Sources */ = {isa = PBXBuildFile; fileRef = D608C75B24699649008146A7 /* ControlButtons.swift */; };
		D685BA28246AE9D10030216A /* BluetoothPeripheral.swift in Sources */ = {isa = PBXBuildFile; fileRef = D685BA27246AE9D10030216A /* BluetoothPeripheral.swift */; };
		D685BA2A246EF07D0030216A /* CarData.swift in Sources */ = {isa = PBXBuildFile; fileRef = D685BA29246EF07D0030216A /* CarData.swift */; };
/* End PBXBuildFile section */

/* Begin PBXContainerItemProxy section */
		D608C74224695D92008146A7 /* PBXContainerItemProxy */ = {
			isa = PBXContainerItemProxy;
			containerPortal = D608C72324695D91008146A7 /* Project object */;
			proxyType = 1;
			remoteGlobalIDString = D608C72A24695D91008146A7;
			remoteInfo = BLECarController;
		};
/* End PBXContainerItemProxy section */

/* Begin PBXFileReference section */
		D608C72B24695D91008146A7 /* BLECarController.app */ = {isa = PBXFileReference; explicitFileType = wrapper.application; includeInIndex = 0; path = BLECarController.app; sourceTree = BUILT_PRODUCTS_DIR; };
		D608C72E24695D91008146A7 /* AppDelegate.swift */ = {isa = PBXFileReference; lastKnownFileType = sourcecode.swift; path = AppDelegate.swift; sourceTree = "<group>"; };
		D608C73024695D91008146A7 /* SceneDelegate.swift */ = {isa = PBXFileReference; lastKnownFileType = sourcecode.swift; path = SceneDelegate.swift; sourceTree = "<group>"; };
		D608C73224695D91008146A7 /* ContentView.swift */ = {isa = PBXFileReference; lastKnownFileType = sourcecode.swift; path = ContentView.swift; sourceTree = "<group>"; };
		D608C73424695D92008146A7 /* Assets.xcassets */ = {isa = PBXFileReference; lastKnownFileType = folder.assetcatalog; path = Assets.xcassets; sourceTree = "<group>"; };
		D608C73724695D92008146A7 /* Preview Assets.xcassets */ = {isa = PBXFileReference; lastKnownFileType = folder.assetcatalog; path = "Preview Assets.xcassets"; sourceTree = "<group>"; };
		D608C73A24695D92008146A7 /* Base */ = {isa = PBXFileReference; lastKnownFileType = file.storyboard; name = Base; path = Base.lproj/LaunchScreen.storyboard; sourceTree = "<group>"; };
		D608C73C24695D92008146A7 /* Info.plist */ = {isa = PBXFileReference; lastKnownFileType = text.plist.xml; path = Info.plist; sourceTree = "<group>"; };
		D608C74124695D92008146A7 /* BLECarControllerTests.xctest */ = {isa = PBXFileReference; explicitFileType = wrapper.cfbundle; includeInIndex = 0; path = BLECarControllerTests.xctest; sourceTree = BUILT_PRODUCTS_DIR; };
		D608C74524695D92008146A7 /* BLECarControllerTests.swift */ = {isa = PBXFileReference; lastKnownFileType = sourcecode.swift; path = BLECarControllerTests.swift; sourceTree = "<group>"; };
		D608C74724695D92008146A7 /* Info.plist */ = {isa = PBXFileReference; lastKnownFileType = text.plist.xml; path = Info.plist; sourceTree = "<group>"; };
		D608C750246985F7008146A7 /* ForwardImage.swift */ = {isa = PBXFileReference; lastKnownFileType = sourcecode.swift; path = ForwardImage.swift; sourceTree = "<group>"; };
		D608C75324698859008146A7 /* BackImage.swift */ = {isa = PBXFileReference; fileEncoding = 4; lastKnownFileType = sourcecode.swift; path = BackImage.swift; sourceTree = "<group>"; };
		D608C75524698885008146A7 /* LeftImage.swift */ = {isa = PBXFileReference; fileEncoding = 4; lastKnownFileType = sourcecode.swift; path = LeftImage.swift; sourceTree = "<group>"; };
		D608C7572469889F008146A7 /* RightImage.swift */ = {isa = PBXFileReference; fileEncoding = 4; lastKnownFileType = sourcecode.swift; path = RightImage.swift; sourceTree = "<group>"; };
		D608C759246988BC008146A7 /* StopImage.swift */ = {isa = PBXFileReference; fileEncoding = 4; lastKnownFileType = sourcecode.swift; path = StopImage.swift; sourceTree = "<group>"; };
		D608C75B24699649008146A7 /* ControlButtons.swift */ = {isa = PBXFileReference; lastKnownFileType = sourcecode.swift; path = ControlButtons.swift; sourceTree = "<group>"; };
		D685BA27246AE9D10030216A /* BluetoothPeripheral.swift */ = {isa = PBXFileReference; lastKnownFileType = sourcecode.swift; path = BluetoothPeripheral.swift; sourceTree = "<group>"; };
		D685BA29246EF07D0030216A /* CarData.swift */ = {isa = PBXFileReference; lastKnownFileType = sourcecode.swift; path = CarData.swift; sourceTree = "<group>"; };
/* End PBXFileReference section */

/* Begin PBXFrameworksBuildPhase section */
		D608C72824695D91008146A7 /* Frameworks */ = {
			isa = PBXFrameworksBuildPhase;
			buildActionMask = 2147483647;
			files = (
			);
			runOnlyForDeploymentPostprocessing = 0;
		};
		D608C73E24695D92008146A7 /* Frameworks */ = {
			isa = PBXFrameworksBuildPhase;
			buildActionMask = 2147483647;
			files = (
			);
			runOnlyForDeploymentPostprocessing = 0;
		};
/* End PBXFrameworksBuildPhase section */

/* Begin PBXGroup section */
		D608C72224695D91008146A7 = {
			isa = PBXGroup;
			children = (
				D608C72D24695D91008146A7 /* BLECarController */,
				D608C74424695D92008146A7 /* BLECarControllerTests */,
				D608C72C24695D91008146A7 /* Products */,
			);
			sourceTree = "<group>";
		};
		D608C72C24695D91008146A7 /* Products */ = {
			isa = PBXGroup;
			children = (
				D608C72B24695D91008146A7 /* BLECarController.app */,
				D608C74124695D92008146A7 /* BLECarControllerTests.xctest */,
			);
			name = Products;
			sourceTree = "<group>";
		};
		D608C72D24695D91008146A7 /* BLECarController */ = {
			isa = PBXGroup;
			children = (
				D608C72E24695D91008146A7 /* AppDelegate.swift */,
				D685BA27246AE9D10030216A /* BluetoothPeripheral.swift */,
				D685BA29246EF07D0030216A /* CarData.swift */,
				D608C73024695D91008146A7 /* SceneDelegate.swift */,
				D608C73224695D91008146A7 /* ContentView.swift */,
				D608C75B24699649008146A7 /* ControlButtons.swift */,
				D608C73424695D92008146A7 /* Assets.xcassets */,
				D608C75224698815008146A7 /* ImageView */,
				D608C73924695D92008146A7 /* LaunchScreen.storyboard */,
				D608C73C24695D92008146A7 /* Info.plist */,
				D608C73624695D92008146A7 /* Preview Content */,
			);
			path = BLECarController;
			sourceTree = "<group>";
		};
		D608C73624695D92008146A7 /* Preview Content */ = {
			isa = PBXGroup;
			children = (
				D608C73724695D92008146A7 /* Preview Assets.xcassets */,
			);
			path = "Preview Content";
			sourceTree = "<group>";
		};
		D608C74424695D92008146A7 /* BLECarControllerTests */ = {
			isa = PBXGroup;
			children = (
				D608C74524695D92008146A7 /* BLECarControllerTests.swift */,
				D608C74724695D92008146A7 /* Info.plist */,
			);
			path = BLECarControllerTests;
			sourceTree = "<group>";
		};
		D608C75224698815008146A7 /* ImageView */ = {
			isa = PBXGroup;
			children = (
				D608C750246985F7008146A7 /* ForwardImage.swift */,
				D608C75324698859008146A7 /* BackImage.swift */,
				D608C75524698885008146A7 /* LeftImage.swift */,
				D608C7572469889F008146A7 /* RightImage.swift */,
				D608C759246988BC008146A7 /* StopImage.swift */,
			);
			path = ImageView;
			sourceTree = "<group>";
		};
/* End PBXGroup section */

/* Begin PBXNativeTarget section */
		D608C72A24695D91008146A7 /* BLECarController */ = {
			isa = PBXNativeTarget;
			buildConfigurationList = D608C74A24695D92008146A7 /* Build configuration list for PBXNativeTarget "BLECarController" */;
			buildPhases = (
				D608C72724695D91008146A7 /* Sources */,
				D608C72824695D91008146A7 /* Frameworks */,
				D608C72924695D91008146A7 /* Resources */,
			);
			buildRules = (
			);
			dependencies = (
			);
			name = BLECarController;
			productName = BLECarController;
			productReference = D608C72B24695D91008146A7 /* BLECarController.app */;
			productType = "com.apple.product-type.application";
		};
		D608C74024695D92008146A7 /* BLECarControllerTests */ = {
			isa = PBXNativeTarget;
			buildConfigurationList = D608C74D24695D92008146A7 /* Build configuration list for PBXNativeTarget "BLECarControllerTests" */;
			buildPhases = (
				D608C73D24695D92008146A7 /* Sources */,
				D608C73E24695D92008146A7 /* Frameworks */,
				D608C73F24695D92008146A7 /* Resources */,
			);
			buildRules = (
			);
			dependencies = (
				D608C74324695D92008146A7 /* PBXTargetDependency */,
			);
			name = BLECarControllerTests;
			productName = BLECarControllerTests;
			productReference = D608C74124695D92008146A7 /* BLECarControllerTests.xctest */;
			productType = "com.apple.product-type.bundle.unit-test";
		};
/* End PBXNativeTarget section */

/* Begin PBXProject section */
		D608C72324695D91008146A7 /* Project object */ = {
			isa = PBXProject;
			attributes = {
				LastSwiftUpdateCheck = 1140;
				LastUpgradeCheck = 1140;
				TargetAttributes = {
					D608C72A24695D91008146A7 = {
						CreatedOnToolsVersion = 11.4.1;
					};
					D608C74024695D92008146A7 = {
						CreatedOnToolsVersion = 11.4.1;
						TestTargetID = D608C72A24695D91008146A7;
					};
				};
			};
			buildConfigurationList = D608C72624695D91008146A7 /* Build configuration list for PBXProject "BLECarController" */;
			compatibilityVersion = "Xcode 9.3";
			developmentRegion = en;
			hasScannedForEncodings = 0;
			knownRegions = (
				en,
				Base,
			);
			mainGroup = D608C72224695D91008146A7;
			productRefGroup = D608C72C24695D91008146A7 /* Products */;
			projectDirPath = "";
			projectRoot = "";
			targets = (
				D608C72A24695D91008146A7 /* BLECarController */,
				D608C74024695D92008146A7 /* BLECarControllerTests */,
			);
		};
/* End PBXProject section */

/* Begin PBXResourcesBuildPhase section */
		D608C72924695D91008146A7 /* Resources */ = {
			isa = PBXResourcesBuildPhase;
			buildActionMask = 2147483647;
			files = (
				D608C73B24695D92008146A7 /* LaunchScreen.storyboard in Resources */,
				D608C73824695D92008146A7 /* Preview Assets.xcassets in Resources */,
				D608C73524695D92008146A7 /* Assets.xcassets in Resources */,
			);
			runOnlyForDeploymentPostprocessing = 0;
		};
		D608C73F24695D92008146A7 /* Resources */ = {
			isa = PBXResourcesBuildPhase;
			buildActionMask = 2147483647;
			files = (
			);
			runOnlyForDeploymentPostprocessing = 0;
		};
/* End PBXResourcesBuildPhase section */

/* Begin PBXSourcesBuildPhase section */
		D608C72724695D91008146A7 /* Sources */ = {
			isa = PBXSourcesBuildPhase;
			buildActionMask = 2147483647;
			files = (
				D608C75C24699649008146A7 /* ControlButtons.swift in Sources */,
				D685BA2A246EF07D0030216A /* CarData.swift in Sources */,
				D608C7582469889F008146A7 /* RightImage.swift in Sources */,
				D608C75624698885008146A7 /* LeftImage.swift in Sources */,
				D608C72F24695D91008146A7 /* AppDelegate.swift in Sources */,
				D608C75A246988BC008146A7 /* StopImage.swift in Sources */,
				D608C751246985F7008146A7 /* ForwardImage.swift in Sources */,
				D685BA28246AE9D10030216A /* BluetoothPeripheral.swift in Sources */,
				D608C73124695D91008146A7 /* SceneDelegate.swift in Sources */,
				D608C73324695D91008146A7 /* ContentView.swift in Sources */,
				D608C75424698859008146A7 /* BackImage.swift in Sources */,
			);
			runOnlyForDeploymentPostprocessing = 0;
		};
		D608C73D24695D92008146A7 /* Sources */ = {
			isa = PBXSourcesBuildPhase;
			buildActionMask = 2147483647;
			files = (
				D608C74624695D92008146A7 /* BLECarControllerTests.swift in Sources */,
			);
			runOnlyForDeploymentPostprocessing = 0;
		};
/* End PBXSourcesBuildPhase section */

/* Begin PBXTargetDependency section */
		D608C74324695D92008146A7 /* PBXTargetDependency */ = {
			isa = PBXTargetDependency;
			target = D608C72A24695D91008146A7 /* BLECarController */;
			targetProxy = D608C74224695D92008146A7 /* PBXContainerItemProxy */;
		};
/* End PBXTargetDependency section */

/* Begin PBXVariantGroup section */
		D608C73924695D92008146A7 /* LaunchScreen.storyboard */ = {
			isa = PBXVariantGroup;
			children = (
				D608C73A24695D92008146A7 /* Base */,
			);
			name = LaunchScreen.storyboard;
			sourceTree = "<group>";
		};
/* End PBXVariantGroup section */

/* Begin XCBuildConfiguration section */
		D608C74824695D92008146A7 /* Debug */ = {
			isa = XCBuildConfiguration;
			buildSettings = {
				ALWAYS_SEARCH_USER_PATHS = NO;
				CLANG_ANALYZER_NONNULL = YES;
				CLANG_ANALYZER_NUMBER_OBJECT_CONVERSION = YES_AGGRESSIVE;
				CLANG_CXX_LANGUAGE_STANDARD = "gnu++14";
				CLANG_CXX_LIBRARY = "libc++";
				CLANG_ENABLE_MODULES = YES;
				CLANG_ENABLE_OBJC_ARC = YES;
				CLANG_ENABLE_OBJC_WEAK = YES;
				CLANG_WARN_BLOCK_CAPTURE_AUTORELEASING = YES;
				CLANG_WARN_BOOL_CONVERSION = YES;
				CLANG_WARN_COMMA = YES;
				CLANG_WARN_CONSTANT_CONVERSION = YES;
				CLANG_WARN_DEPRECATED_OBJC_IMPLEMENTATIONS = YES;
				CLANG_WARN_DIRECT_OBJC_ISA_USAGE = YES_ERROR;
				CLANG_WARN_DOCUMENTATION_COMMENTS = YES;
				CLANG_WARN_EMPTY_BODY = YES;
				CLANG_WARN_ENUM_CONVERSION = YES;
				CLANG_WARN_INFINITE_RECURSION = YES;
				CLANG_WARN_INT_CONVERSION = YES;
				CLANG_WARN_NON_LITERAL_NULL_CONVERSION = YES;
				CLANG_WARN_OBJC_IMPLICIT_RETAIN_SELF = YES;
				CLANG_WARN_OBJC_LITERAL_CONVERSION = YES;
				CLANG_WARN_OBJC_ROOT_CLASS = YES_ERROR;
				CLANG_WARN_RANGE_LOOP_ANALYSIS = YES;
				CLANG_WARN_STRICT_PROTOTYPES = YES;
				CLANG_WARN_SUSPICIOUS_MOVE = YES;
				CLANG_WARN_UNGUARDED_AVAILABILITY = YES_AGGRESSIVE;
				CLANG_WARN_UNREACHABLE_CODE = YES;
				CLANG_WARN__DUPLICATE_METHOD_MATCH = YES;
				COPY_PHASE_STRIP = NO;
				DEBUG_INFORMATION_FORMAT = dwarf;
				ENABLE_STRICT_OBJC_MSGSEND = YES;
				ENABLE_TESTABILITY = YES;
				GCC_C_LANGUAGE_STANDARD = gnu11;
				GCC_DYNAMIC_NO_PIC = NO;
				GCC_NO_COMMON_BLOCKS = YES;
				GCC_OPTIMIZATION_LEVEL = 0;
				GCC_PREPROCESSOR_DEFINITIONS = (
					"DEBUG=1",
					"$(inherited)",
				);
				GCC_WARN_64_TO_32_BIT_CONVERSION = YES;
				GCC_WARN_ABOUT_RETURN_TYPE = YES_ERROR;
				GCC_WARN_UNDECLARED_SELECTOR = YES;
				GCC_WARN_UNINITIALIZED_AUTOS = YES_AGGRESSIVE;
				GCC_WARN_UNUSED_FUNCTION = YES;
				GCC_WARN_UNUSED_VARIABLE = YES;
				IPHONEOS_DEPLOYMENT_TARGET = 13.4;
				MTL_ENABLE_DEBUG_INFO = INCLUDE_SOURCE;
				MTL_FAST_MATH = YES;
				ONLY_ACTIVE_ARCH = YES;
				SDKROOT = iphoneos;
				SWIFT_ACTIVE_COMPILATION_CONDITIONS = DEBUG;
				SWIFT_OPTIMIZATION_LEVEL = "-Onone";
			};
			name = Debug;
		};
		D608C74924695D92008146A7 /* Release */ = {
			isa = XCBuildConfiguration;
			buildSettings = {
				ALWAYS_SEARCH_USER_PATHS = NO;
				CLANG_ANALYZER_NONNULL = YES;
				CLANG_ANALYZER_NUMBER_OBJECT_CONVERSION = YES_AGGRESSIVE;
				CLANG_CXX_LANGUAGE_STANDARD = "gnu++14";
				CLANG_CXX_LIBRARY = "libc++";
				CLANG_ENABLE_MODULES = YES;
				CLANG_ENABLE_OBJC_ARC = YES;
				CLANG_ENABLE_OBJC_WEAK = YES;
				CLANG_WARN_BLOCK_CAPTURE_AUTORELEASING = YES;
				CLANG_WARN_BOOL_CONVERSION = YES;
				CLANG_WARN_COMMA = YES;
				CLANG_WARN_CONSTANT_CONVERSION = YES;
				CLANG_WARN_DEPRECATED_OBJC_IMPLEMENTATIONS = YES;
				CLANG_WARN_DIRECT_OBJC_ISA_USAGE = YES_ERROR;
				CLANG_WARN_DOCUMENTATION_COMMENTS = YES;
				CLANG_WARN_EMPTY_BODY = YES;
				CLANG_WARN_ENUM_CONVERSION = YES;
				CLANG_WARN_INFINITE_RECURSION = YES;
				CLANG_WARN_INT_CONVERSION = YES;
				CLANG_WARN_NON_LITERAL_NULL_CONVERSION = YES;
				CLANG_WARN_OBJC_IMPLICIT_RETAIN_SELF = YES;
				CLANG_WARN_OBJC_LITERAL_CONVERSION = YES;
				CLANG_WARN_OBJC_ROOT_CLASS = YES_ERROR;
				CLANG_WARN_RANGE_LOOP_ANALYSIS = YES;
				CLANG_WARN_STRICT_PROTOTYPES = YES;
				CLANG_WARN_SUSPICIOUS_MOVE = YES;
				CLANG_WARN_UNGUARDED_AVAILABILITY = YES_AGGRESSIVE;
				CLANG_WARN_UNREACHABLE_CODE = YES;
				CLANG_WARN__DUPLICATE_METHOD_MATCH = YES;
				COPY_PHASE_STRIP = NO;
				DEBUG_INFORMATION_FORMAT = "dwarf-with-dsym";
				ENABLE_NS_ASSERTIONS = NO;
				ENABLE_STRICT_OBJC_MSGSEND = YES;
				GCC_C_LANGUAGE_STANDARD = gnu11;
				GCC_NO_COMMON_BLOCKS = YES;
				GCC_WARN_64_TO_32_BIT_CONVERSION = YES;
				GCC_WARN_ABOUT_RETURN_TYPE = YES_ERROR;
				GCC_WARN_UNDECLARED_SELECTOR = YES;
				GCC_WARN_UNINITIALIZED_AUTOS = YES_AGGRESSIVE;
				GCC_WARN_UNUSED_FUNCTION = YES;
				GCC_WARN_UNUSED_VARIABLE = YES;
				IPHONEOS_DEPLOYMENT_TARGET = 13.4;
				MTL_ENABLE_DEBUG_INFO = NO;
				MTL_FAST_MATH = YES;
				SDKROOT = iphoneos;
				SWIFT_COMPILATION_MODE = wholemodule;
				SWIFT_OPTIMIZATION_LEVEL = "-O";
				VALIDATE_PRODUCT = YES;
			};
			name = Release;
		};
		D608C74B24695D92008146A7 /* Debug */ = {
			isa = XCBuildConfiguration;
			buildSettings = {
				ASSETCATALOG_COMPILER_APPICON_NAME = AppIcon;
				CODE_SIGN_STYLE = Automatic;
				DEVELOPMENT_ASSET_PATHS = "\"BLECarController/Preview Content\"";
				DEVELOPMENT_TEAM = L7B46RNYJ5;
				ENABLE_PREVIEWS = YES;
				INFOPLIST_FILE = BLECarController/Info.plist;
				IPHONEOS_DEPLOYMENT_TARGET = 13.1;
				LD_RUNPATH_SEARCH_PATHS = (
					"$(inherited)",
					"@executable_path/Frameworks",
				);
				PRODUCT_BUNDLE_IDENTIFIER = "com.uztbt.ble-car-controller";
				PRODUCT_NAME = "$(TARGET_NAME)";
				SWIFT_VERSION = 5.0;
				TARGETED_DEVICE_FAMILY = 1;
			};
			name = Debug;
		};
		D608C74C24695D92008146A7 /* Release */ = {
			isa = XCBuildConfiguration;
			buildSettings = {
				ASSETCATALOG_COMPILER_APPICON_NAME = AppIcon;
				CODE_SIGN_STYLE = Automatic;
				DEVELOPMENT_ASSET_PATHS = "\"BLECarController/Preview Content\"";
				DEVELOPMENT_TEAM = L7B46RNYJ5;
				ENABLE_PREVIEWS = YES;
				INFOPLIST_FILE = BLECarController/Info.plist;
				IPHONEOS_DEPLOYMENT_TARGET = 13.1;
				LD_RUNPATH_SEARCH_PATHS = (
					"$(inherited)",
					"@executable_path/Frameworks",
				);
				PRODUCT_BUNDLE_IDENTIFIER = "com.uztbt.ble-car-controller";
				PRODUCT_NAME = "$(TARGET_NAME)";
				SWIFT_VERSION = 5.0;
				TARGETED_DEVICE_FAMILY = 1;
			};
			name = Release;
		};
		D608C74E24695D92008146A7 /* Debug */ = {
			isa = XCBuildConfiguration;
			buildSettings = {
				ALWAYS_EMBED_SWIFT_STANDARD_LIBRARIES = YES;
				BUNDLE_LOADER = "$(TEST_HOST)";
				CODE_SIGN_STYLE = Automatic;
				DEVELOPMENT_TEAM = L7B46RNYJ5;
				INFOPLIST_FILE = BLECarControllerTests/Info.plist;
				IPHONEOS_DEPLOYMENT_TARGET = 13.4;
				LD_RUNPATH_SEARCH_PATHS = (
					"$(inherited)",
					"@executable_path/Frameworks",
					"@loader_path/Frameworks",
				);
				PRODUCT_BUNDLE_IDENTIFIER = com.uztbt.BLECarControllerTests;
				PRODUCT_NAME = "$(TARGET_NAME)";
				SWIFT_VERSION = 5.0;
				TARGETED_DEVICE_FAMILY = "1,2";
				TEST_HOST = "$(BUILT_PRODUCTS_DIR)/BLECarController.app/BLECarController";
			};
			name = Debug;
		};
		D608C74F24695D92008146A7 /* Release */ = {
			isa = XCBuildConfiguration;
			buildSettings = {
				ALWAYS_EMBED_SWIFT_STANDARD_LIBRARIES = YES;
				BUNDLE_LOADER = "$(TEST_HOST)";
				CODE_SIGN_STYLE = Automatic;
				DEVELOPMENT_TEAM = L7B46RNYJ5;
				INFOPLIST_FILE = BLECarControllerTests/Info.plist;
				IPHONEOS_DEPLOYMENT_TARGET = 13.4;
				LD_RUNPATH_SEARCH_PATHS = (
					"$(inherited)",
					"@executable_path/Frameworks",
					"@loader_path/Frameworks",
				);
				PRODUCT_BUNDLE_IDENTIFIER = com.uztbt.BLECarControllerTests;
				PRODUCT_NAME = "$(TARGET_NAME)";
				SWIFT_VERSION = 5.0;
				TARGETED_DEVICE_FAMILY = "1,2";
				TEST_HOST = "$(BUILT_PRODUCTS_DIR)/BLECarController.app/BLECarController";
			};
			name = Release;
		};
/* End XCBuildConfiguration section */

/* Begin XCConfigurationList section */
		D608C72624695D91008146A7 /* Build configuration list for PBXProject "BLECarController" */ = {
			isa = XCConfigurationList;
			buildConfigurations = (
				D608C74824695D92008146A7 /* Debug */,
				D608C74924695D92008146A7 /* Release */,
			);
			defaultConfigurationIsVisible = 0;
			defaultConfigurationName = Release;
		};
		D608C74A24695D92008146A7 /* Build configuration list for PBXNativeTarget "BLECarController" */ = {
			isa = XCConfigurationList;
			buildConfigurations = (
				D608C74B24695D92008146A7 /* Debug */,
				D608C74C24695D92008146A7 /* Release */,
			);
			defaultConfigurationIsVisible = 0;
			defaultConfigurationName = Release;
		};
		D608C74D24695D92008146A7 /* Build configuration list for PBXNativeTarget "BLECarControllerTests" */ = {
			isa = XCConfigurationList;
			buildConfigurations = (
				D608C74E24695D92008146A7 /* Debug */,
				D608C74F24695D92008146A7 /* Release */,
			);
			defaultConfigurationIsVisible = 0;
			defaultConfigurationName = Release;
		};
/* End XCConfigurationList section */
	};
	rootObject = D608C72324695D91008146A7 /* Project object */;
}
